
Microsoft Visual Studio Solution File, Format Version 12.00
# Visual Studio Version 16
VisualStudioVersion = 16.0.30002.166
MinimumVisualStudioVersion = 10.0.40219.1
Project("{FAE04EC0-301F-11D3-BF4B-00C04F79EFBC}") = "SwapNumbers", "SwapNumbers\SwapNumbers.csproj", "{CA4A35B6-CD9D-425F-A38D-D94FD0FB03D3}"
EndProject
Global
	GlobalSection(SolutionConfigurationPlatforms) = preSolution
		Debug|Any CPU = Debug|Any CPU
		Release|Any CPU = Release|Any CPU
	EndGlobalSection
	GlobalSection(ProjectConfigurationPlatforms) = postSolution
		{CA4A35B6-CD9D-425F-A38D-D94FD0FB03D3}.Debug|Any CPU.ActiveCfg = Debug|Any CPU
		{CA4A35B6-CD9D-425F-A38D-D94FD0FB03D3}.Debug|Any CPU.Build.0 = Debug|Any CPU
		{CA4A35B6-CD9D-425F-A38D-D94FD0FB03D3}.Release|Any CPU.ActiveCfg = Release|Any CPU
		{CA4A35B6-CD9D-425F-A38D-D94FD0FB03D3}.Release|Any CPU.Build.0 = Release|Any CPU
	EndGlobalSection
	GlobalSection(SolutionProperties) = preSolution
		HideSolutionNode = FALSE
	EndGlobalSection
	GlobalSection(ExtensibilityGlobals) = postSolution
		SolutionGuid = {A2286081-4039-4CCF-96A5-38FC477FF3E2}
	EndGlobalSection
EndGlobal
